
Microsoft Visual Studio Solution File, Format Version 12.00
# Visual Studio 15
VisualStudioVersion = 15.0.28307.438
MinimumVisualStudioVersion = 10.0.40219.1
Project("{9A19103F-16F7-4668-BE54-9A1E7A4F7556}") = "RegexForm", "RegexForm\RegexForm.csproj", "{16A2981F-034A-442A-A934-B847CA07BFA1}"
EndProject
Project("{FAE04EC0-301F-11D3-BF4B-00C04F79EFBC}") = "FileLineRegexRecognizer", "FileLineRegexRecognizer\FileLineRegexRecognizer.csproj", "{7BAA5FC6-A489-4522-8FFD-F73006574A32}"
EndProject
Global
	GlobalSection(SolutionConfigurationPlatforms) = preSolution
		Debug|Any CPU = Debug|Any CPU
		Release|Any CPU = Release|Any CPU
	EndGlobalSection
	GlobalSection(ProjectConfigurationPlatforms) = postSolution
		{16A2981F-034A-442A-A934-B847CA07BFA1}.Debug|Any CPU.ActiveCfg = Debug|Any CPU
		{16A2981F-034A-442A-A934-B847CA07BFA1}.Debug|Any CPU.Build.0 = Debug|Any CPU
		{16A2981F-034A-442A-A934-B847CA07BFA1}.Release|Any CPU.ActiveCfg = Release|Any CPU
		{16A2981F-034A-442A-A934-B847CA07BFA1}.Release|Any CPU.Build.0 = Release|Any CPU
		{7BAA5FC6-A489-4522-8FFD-F73006574A32}.Debug|Any CPU.ActiveCfg = Debug|Any CPU
		{7BAA5FC6-A489-4522-8FFD-F73006574A32}.Debug|Any CPU.Build.0 = Debug|Any CPU
		{7BAA5FC6-A489-4522-8FFD-F73006574A32}.Release|Any CPU.ActiveCfg = Release|Any CPU
		{7BAA5FC6-A489-4522-8FFD-F73006574A32}.Release|Any CPU.Build.0 = Release|Any CPU
	EndGlobalSection
	GlobalSection(SolutionProperties) = preSolution
		HideSolutionNode = FALSE
	EndGlobalSection
	GlobalSection(ExtensibilityGlobals) = postSolution
		SolutionGuid = {6AE6307A-D44F-465B-AAC2-E20ED3CB575D}
	EndGlobalSection
EndGlobal
